
Microsoft Visual Studio Solution File, Format Version 12.00
# Visual Studio 15
VisualStudioVersion = 15.0.27703.2042
MinimumVisualStudioVersion = 10.0.40219.1
Project("{9A19103F-16F7-4668-BE54-9A1E7A4F7556}") = "MaiDongXi", "MaiDongXi\MaiDongXi.csproj", "{DB66D298-A590-47ED-92BC-3D59589A8BF2}"
EndProject
Project("{9A19103F-16F7-4668-BE54-9A1E7A4F7556}") = "MaiDongXi.IRepository", "MaiDongXi.IRepository\MaiDongXi.IRepository.csproj", "{6E90E9A1-190D-42EA-B7E0-10C1361907B9}"
EndProject
Project("{9A19103F-16F7-4668-BE54-9A1E7A4F7556}") = "MaiDongXi.Repository", "MaiDongXi.Repository\MaiDongXi.Repository.csproj", "{75A0716D-95FC-4F30-A0E9-F8D50FC7F98D}"
EndProject
Project("{9A19103F-16F7-4668-BE54-9A1E7A4F7556}") = "MaiDongXi.Entity", "MaiDongXi.Entity\MaiDongXi.Entity.csproj", "{E5015309-74EF-431C-BC85-AF1973731FE4}"
EndProject
Project("{9A19103F-16F7-4668-BE54-9A1E7A4F7556}") = "MaiDongXi.Common", "MaiDongXi.Common\MaiDongXi.Common.csproj", "{7806A527-C340-45CF-8CEC-34021C4B4B39}"
EndProject
Global
	GlobalSection(SolutionConfigurationPlatforms) = preSolution
		Debug|Any CPU = Debug|Any CPU
		Release|Any CPU = Release|Any CPU
	EndGlobalSection
	GlobalSection(ProjectConfigurationPlatforms) = postSolution
		{DB66D298-A590-47ED-92BC-3D59589A8BF2}.Debug|Any CPU.ActiveCfg = Debug|Any CPU
		{DB66D298-A590-47ED-92BC-3D59589A8BF2}.Debug|Any CPU.Build.0 = Debug|Any CPU
		{DB66D298-A590-47ED-92BC-3D59589A8BF2}.Release|Any CPU.ActiveCfg = Release|Any CPU
		{DB66D298-A590-47ED-92BC-3D59589A8BF2}.Release|Any CPU.Build.0 = Release|Any CPU
		{6E90E9A1-190D-42EA-B7E0-10C1361907B9}.Debug|Any CPU.ActiveCfg = Debug|Any CPU
		{6E90E9A1-190D-42EA-B7E0-10C1361907B9}.Debug|Any CPU.Build.0 = Debug|Any CPU
		{6E90E9A1-190D-42EA-B7E0-10C1361907B9}.Release|Any CPU.ActiveCfg = Release|Any CPU
		{6E90E9A1-190D-42EA-B7E0-10C1361907B9}.Release|Any CPU.Build.0 = Release|Any CPU
		{75A0716D-95FC-4F30-A0E9-F8D50FC7F98D}.Debug|Any CPU.ActiveCfg = Debug|Any CPU
		{75A0716D-95FC-4F30-A0E9-F8D50FC7F98D}.Debug|Any CPU.Build.0 = Debug|Any CPU
		{75A0716D-95FC-4F30-A0E9-F8D50FC7F98D}.Release|Any CPU.ActiveCfg = Release|Any CPU
		{75A0716D-95FC-4F30-A0E9-F8D50FC7F98D}.Release|Any CPU.Build.0 = Release|Any CPU
		{E5015309-74EF-431C-BC85-AF1973731FE4}.Debug|Any CPU.ActiveCfg = Debug|Any CPU
		{E5015309-74EF-431C-BC85-AF1973731FE4}.Debug|Any CPU.Build.0 = Debug|Any CPU
		{E5015309-74EF-431C-BC85-AF1973731FE4}.Release|Any CPU.ActiveCfg = Release|Any CPU
		{E5015309-74EF-431C-BC85-AF1973731FE4}.Release|Any CPU.Build.0 = Release|Any CPU
		{7806A527-C340-45CF-8CEC-34021C4B4B39}.Debug|Any CPU.ActiveCfg = Debug|Any CPU
		{7806A527-C340-45CF-8CEC-34021C4B4B39}.Debug|Any CPU.Build.0 = Debug|Any CPU
		{7806A527-C340-45CF-8CEC-34021C4B4B39}.Release|Any CPU.ActiveCfg = Release|Any CPU
		{7806A527-C340-45CF-8CEC-34021C4B4B39}.Release|Any CPU.Build.0 = Release|Any CPU
	EndGlobalSection
	GlobalSection(SolutionProperties) = preSolution
		HideSolutionNode = FALSE
	EndGlobalSection
	GlobalSection(ExtensibilityGlobals) = postSolution
		SolutionGuid = {CBD82B89-B135-4272-BB18-F62564711EBA}
	EndGlobalSection
EndGlobal
